
Microsoft Visual Studio Solution File, Format Version 12.00
# Visual Studio Version 17
VisualStudioVersion = 17.5.002.0
MinimumVisualStudioVersion = 10.0.40219.1
Project("{9A19103F-16F7-4668-BE54-9A1E7A4F7556}") = "LibraryApplication", "LibraryApplication.csproj", "{15993534-422F-4330-98F0-56C195F06412}"
EndProject
Global
	GlobalSection(SolutionConfigurationPlatforms) = preSolution
		Debug|Any CPU = Debug|Any CPU
		Release|Any CPU = Release|Any CPU
	EndGlobalSection
	GlobalSection(ProjectConfigurationPlatforms) = postSolution
		{15993534-422F-4330-98F0-56C195F06412}.Debug|Any CPU.ActiveCfg = Debug|Any CPU
		{15993534-422F-4330-98F0-56C195F06412}.Debug|Any CPU.Build.0 = Debug|Any CPU
		{15993534-422F-4330-98F0-56C195F06412}.Release|Any CPU.ActiveCfg = Release|Any CPU
		{15993534-422F-4330-98F0-56C195F06412}.Release|Any CPU.Build.0 = Release|Any CPU
	EndGlobalSection
	GlobalSection(SolutionProperties) = preSolution
		HideSolutionNode = FALSE
	EndGlobalSection
	GlobalSection(ExtensibilityGlobals) = postSolution
		SolutionGuid = {6F07F592-A9BF-4295-BBA4-75F06375DCBA}
	EndGlobalSection
EndGlobal
